
Microsoft Visual Studio Solution File, Format Version 12.00
# Visual Studio Version 16
VisualStudioVersion = 16.0.29020.237
MinimumVisualStudioVersion = 10.0.40219.1
Project("{FAE04EC0-301F-11D3-BF4B-00C04F79EFBC}") = "Galeno.Infraestructura", "Galeno.Infraestructura\Galeno.Infraestructura.csproj", "{FAF3E4B0-CA4D-4509-8E2F-4E2F7D3E1B48}"
EndProject
Project("{2150E333-8FDC-42A3-9474-1A3956D46DE8}") = "5 - Infraestructura", "5 - Infraestructura", "{AEA9A531-4D6E-48B5-8C2E-E417851E540D}"
EndProject
Project("{2150E333-8FDC-42A3-9474-1A3956D46DE8}") = "4 - Dominio", "4 - Dominio", "{621AF89A-797A-4D53-A610-44FD63F32D80}"
EndProject
Project("{2150E333-8FDC-42A3-9474-1A3956D46DE8}") = "2 - Aplicacion", "2 - Aplicacion", "{11887EC0-E517-4CF1-817E-82A88AF877E8}"
EndProject
Project("{2150E333-8FDC-42A3-9474-1A3956D46DE8}") = "3 - Servicio", "3 - Servicio", "{018E4945-7D34-4663-93CE-1DA9FA216CAD}"
EndProject
Project("{2150E333-8FDC-42A3-9474-1A3956D46DE8}") = "1 - Aplicacion", "1 - Aplicacion", "{206CD486-C324-4347-90A0-2381620E2AE2}"
EndProject
Project("{FAE04EC0-301F-11D3-BF4B-00C04F79EFBC}") = "Galeno.Dominio", "Galeno.Dominio\Galeno.Dominio.csproj", "{29EE7C9A-614D-4BD0-B6F8-9511CB660F33}"
EndProject
Project("{2150E333-8FDC-42A3-9474-1A3956D46DE8}") = "Implementacion", "Implementacion", "{0A5D4BF7-A3D9-4246-AC79-D609C5F8A2F9}"
EndProject
Project("{2150E333-8FDC-42A3-9474-1A3956D46DE8}") = "Interfaces", "Interfaces", "{946C943E-E439-465C-8084-A9F28C376329}"
EndProject
Project("{FAE04EC0-301F-11D3-BF4B-00C04F79EFBC}") = "Galeno.Interfaces", "Galeno.Interfaces\Galeno.Interfaces.csproj", "{E372EE4B-A541-4FD2-9BA2-73B74BD30177}"
EndProject
Project("{FAE04EC0-301F-11D3-BF4B-00C04F79EFBC}") = "Galeno.Implementacion", "Galeno.Implementacion\Galeno.Implementacion.csproj", "{0E777E2C-5675-4D55-8043-A01BB012BE4D}"
EndProject
Project("{2150E333-8FDC-42A3-9474-1A3956D46DE8}") = "Mapper", "Mapper", "{A3C87740-6AE5-4C01-9DAA-A11FFD0632F3}"
EndProject
Project("{FAE04EC0-301F-11D3-BF4B-00C04F79EFBC}") = "Galeno.AutoMapper", "Galeno.AutoMapper\Galeno.AutoMapper.csproj", "{92BEF6F8-EC82-4A06-BE9C-A8BB2199A7A3}"
EndProject
Project("{2150E333-8FDC-42A3-9474-1A3956D46DE8}") = "IoC", "IoC", "{4543081E-5F3F-4F6B-B9F2-06F5C0D15BD0}"
EndProject
Project("{2150E333-8FDC-42A3-9474-1A3956D46DE8}") = "Conexion", "Conexion", "{15700F22-3D1A-4ED5-95C2-496AE1737560}"
EndProject
Project("{FAE04EC0-301F-11D3-BF4B-00C04F79EFBC}") = "Galeno.IoC", "Galeno.IoC\Galeno.IoC.csproj", "{7E6165DF-40B0-4381-9D59-A4920E689654}"
EndProject
Project("{FAE04EC0-301F-11D3-BF4B-00C04F79EFBC}") = "GalenortWebApp", "GalenortWebApp\GalenortWebApp.csproj", "{1F2C7D6F-B4DC-4C13-8753-FCB67E8B6DE1}"
EndProject
Project("{FAE04EC0-301F-11D3-BF4B-00C04F79EFBC}") = "Galeno.Conexion", "Galeno.Conexion\Galeno.Conexion.csproj", "{BF0A2571-B843-46B9-B509-C3E0DD5ED6EB}"
EndProject
Global
	GlobalSection(SolutionConfigurationPlatforms) = preSolution
		Debug|Any CPU = Debug|Any CPU
		Release|Any CPU = Release|Any CPU
	EndGlobalSection
	GlobalSection(ProjectConfigurationPlatforms) = postSolution
		{FAF3E4B0-CA4D-4509-8E2F-4E2F7D3E1B48}.Debug|Any CPU.ActiveCfg = Debug|Any CPU
		{FAF3E4B0-CA4D-4509-8E2F-4E2F7D3E1B48}.Debug|Any CPU.Build.0 = Debug|Any CPU
		{FAF3E4B0-CA4D-4509-8E2F-4E2F7D3E1B48}.Release|Any CPU.ActiveCfg = Release|Any CPU
		{FAF3E4B0-CA4D-4509-8E2F-4E2F7D3E1B48}.Release|Any CPU.Build.0 = Release|Any CPU
		{29EE7C9A-614D-4BD0-B6F8-9511CB660F33}.Debug|Any CPU.ActiveCfg = Debug|Any CPU
		{29EE7C9A-614D-4BD0-B6F8-9511CB660F33}.Debug|Any CPU.Build.0 = Debug|Any CPU
		{29EE7C9A-614D-4BD0-B6F8-9511CB660F33}.Release|Any CPU.ActiveCfg = Release|Any CPU
		{29EE7C9A-614D-4BD0-B6F8-9511CB660F33}.Release|Any CPU.Build.0 = Release|Any CPU
		{E372EE4B-A541-4FD2-9BA2-73B74BD30177}.Debug|Any CPU.ActiveCfg = Debug|Any CPU
		{E372EE4B-A541-4FD2-9BA2-73B74BD30177}.Debug|Any CPU.Build.0 = Debug|Any CPU
		{E372EE4B-A541-4FD2-9BA2-73B74BD30177}.Release|Any CPU.ActiveCfg = Release|Any CPU
		{E372EE4B-A541-4FD2-9BA2-73B74BD30177}.Release|Any CPU.Build.0 = Release|Any CPU
		{0E777E2C-5675-4D55-8043-A01BB012BE4D}.Debug|Any CPU.ActiveCfg = Debug|Any CPU
		{0E777E2C-5675-4D55-8043-A01BB012BE4D}.Debug|Any CPU.Build.0 = Debug|Any CPU
		{0E777E2C-5675-4D55-8043-A01BB012BE4D}.Release|Any CPU.ActiveCfg = Release|Any CPU
		{0E777E2C-5675-4D55-8043-A01BB012BE4D}.Release|Any CPU.Build.0 = Release|Any CPU
		{92BEF6F8-EC82-4A06-BE9C-A8BB2199A7A3}.Debug|Any CPU.ActiveCfg = Debug|Any CPU
		{92BEF6F8-EC82-4A06-BE9C-A8BB2199A7A3}.Debug|Any CPU.Build.0 = Debug|Any CPU
		{92BEF6F8-EC82-4A06-BE9C-A8BB2199A7A3}.Release|Any CPU.ActiveCfg = Release|Any CPU
		{92BEF6F8-EC82-4A06-BE9C-A8BB2199A7A3}.Release|Any CPU.Build.0 = Release|Any CPU
		{7E6165DF-40B0-4381-9D59-A4920E689654}.Debug|Any CPU.ActiveCfg = Debug|Any CPU
		{7E6165DF-40B0-4381-9D59-A4920E689654}.Debug|Any CPU.Build.0 = Debug|Any CPU
		{7E6165DF-40B0-4381-9D59-A4920E689654}.Release|Any CPU.ActiveCfg = Release|Any CPU
		{7E6165DF-40B0-4381-9D59-A4920E689654}.Release|Any CPU.Build.0 = Release|Any CPU
		{1F2C7D6F-B4DC-4C13-8753-FCB67E8B6DE1}.Debug|Any CPU.ActiveCfg = Debug|Any CPU
		{1F2C7D6F-B4DC-4C13-8753-FCB67E8B6DE1}.Debug|Any CPU.Build.0 = Debug|Any CPU
		{1F2C7D6F-B4DC-4C13-8753-FCB67E8B6DE1}.Release|Any CPU.ActiveCfg = Release|Any CPU
		{1F2C7D6F-B4DC-4C13-8753-FCB67E8B6DE1}.Release|Any CPU.Build.0 = Release|Any CPU
		{BF0A2571-B843-46B9-B509-C3E0DD5ED6EB}.Debug|Any CPU.ActiveCfg = Debug|Any CPU
		{BF0A2571-B843-46B9-B509-C3E0DD5ED6EB}.Debug|Any CPU.Build.0 = Debug|Any CPU
		{BF0A2571-B843-46B9-B509-C3E0DD5ED6EB}.Release|Any CPU.ActiveCfg = Release|Any CPU
		{BF0A2571-B843-46B9-B509-C3E0DD5ED6EB}.Release|Any CPU.Build.0 = Release|Any CPU
	EndGlobalSection
	GlobalSection(SolutionProperties) = preSolution
		HideSolutionNode = FALSE
	EndGlobalSection
	GlobalSection(NestedProjects) = preSolution
		{FAF3E4B0-CA4D-4509-8E2F-4E2F7D3E1B48} = {AEA9A531-4D6E-48B5-8C2E-E417851E540D}
		{29EE7C9A-614D-4BD0-B6F8-9511CB660F33} = {621AF89A-797A-4D53-A610-44FD63F32D80}
		{0A5D4BF7-A3D9-4246-AC79-D609C5F8A2F9} = {018E4945-7D34-4663-93CE-1DA9FA216CAD}
		{946C943E-E439-465C-8084-A9F28C376329} = {018E4945-7D34-4663-93CE-1DA9FA216CAD}
		{E372EE4B-A541-4FD2-9BA2-73B74BD30177} = {946C943E-E439-465C-8084-A9F28C376329}
		{0E777E2C-5675-4D55-8043-A01BB012BE4D} = {0A5D4BF7-A3D9-4246-AC79-D609C5F8A2F9}
		{A3C87740-6AE5-4C01-9DAA-A11FFD0632F3} = {11887EC0-E517-4CF1-817E-82A88AF877E8}
		{92BEF6F8-EC82-4A06-BE9C-A8BB2199A7A3} = {A3C87740-6AE5-4C01-9DAA-A11FFD0632F3}
		{4543081E-5F3F-4F6B-B9F2-06F5C0D15BD0} = {11887EC0-E517-4CF1-817E-82A88AF877E8}
		{15700F22-3D1A-4ED5-95C2-496AE1737560} = {11887EC0-E517-4CF1-817E-82A88AF877E8}
		{7E6165DF-40B0-4381-9D59-A4920E689654} = {4543081E-5F3F-4F6B-B9F2-06F5C0D15BD0}
		{1F2C7D6F-B4DC-4C13-8753-FCB67E8B6DE1} = {206CD486-C324-4347-90A0-2381620E2AE2}
		{BF0A2571-B843-46B9-B509-C3E0DD5ED6EB} = {15700F22-3D1A-4ED5-95C2-496AE1737560}
	EndGlobalSection
	GlobalSection(ExtensibilityGlobals) = postSolution
		SolutionGuid = {ECEA0A0A-D69B-4BF4-BECF-AF947D84B31E}
	EndGlobalSection
EndGlobal
